
Microsoft Visual Studio Solution File, Format Version 12.00
# Visual Studio Version 16
VisualStudioVersion = 16.0.29025.244
MinimumVisualStudioVersion = 10.0.40219.1
Project("{FAE04EC0-301F-11D3-BF4B-00C04F79EFBC}") = "Moonlight", "Moonlight\Moonlight.csproj", "{DB3279EC-8997-4F06-98B5-30AA9C6ABBDF}"
EndProject
Global
	GlobalSection(SolutionConfigurationPlatforms) = preSolution
		Debug|Any CPU = Debug|Any CPU
		Release|Any CPU = Release|Any CPU
	EndGlobalSection
	GlobalSection(ProjectConfigurationPlatforms) = postSolution
		{DB3279EC-8997-4F06-98B5-30AA9C6ABBDF}.Debug|Any CPU.ActiveCfg = Debug|Any CPU
		{DB3279EC-8997-4F06-98B5-30AA9C6ABBDF}.Debug|Any CPU.Build.0 = Debug|Any CPU
		{DB3279EC-8997-4F06-98B5-30AA9C6ABBDF}.Release|Any CPU.ActiveCfg = Release|Any CPU
		{DB3279EC-8997-4F06-98B5-30AA9C6ABBDF}.Release|Any CPU.Build.0 = Release|Any CPU
	EndGlobalSection
	GlobalSection(SolutionProperties) = preSolution
		HideSolutionNode = FALSE
	EndGlobalSection
	GlobalSection(ExtensibilityGlobals) = postSolution
		SolutionGuid = {8AEA3A9E-1204-4A64-B568-89E352E8A7B0}
	EndGlobalSection
EndGlobal
